
Microsoft Visual Studio Solution File, Format Version 12.00
# Visual Studio Version 17
VisualStudioVersion = 17.8.34330.188
MinimumVisualStudioVersion = 10.0.40219.1
Project("{FAE04EC0-301F-11D3-BF4B-00C04F79EFBC}") = "WPF-MainPlayerTeam", "WPF-MainPlayerTeam.csproj", "{3B35A2F4-3F0A-423F-BE4C-D9914C8B1D35}"
EndProject
Global
	GlobalSection(SolutionConfigurationPlatforms) = preSolution
		Debug|Any CPU = Debug|Any CPU
		Release|Any CPU = Release|Any CPU
	EndGlobalSection
	GlobalSection(ProjectConfigurationPlatforms) = postSolution
		{3B35A2F4-3F0A-423F-BE4C-D9914C8B1D35}.Debug|Any CPU.ActiveCfg = Debug|Any CPU
		{3B35A2F4-3F0A-423F-BE4C-D9914C8B1D35}.Debug|Any CPU.Build.0 = Debug|Any CPU
		{3B35A2F4-3F0A-423F-BE4C-D9914C8B1D35}.Release|Any CPU.ActiveCfg = Release|Any CPU
		{3B35A2F4-3F0A-423F-BE4C-D9914C8B1D35}.Release|Any CPU.Build.0 = Release|Any CPU
	EndGlobalSection
	GlobalSection(SolutionProperties) = preSolution
		HideSolutionNode = FALSE
	EndGlobalSection
	GlobalSection(ExtensibilityGlobals) = postSolution
		SolutionGuid = {1C47132B-DD1A-468B-9E91-514F17946F32}
	EndGlobalSection
EndGlobal
